
Microsoft Visual Studio Solution File, Format Version 12.00
# Visual Studio Version 16
VisualStudioVersion = 16.0.30002.166
MinimumVisualStudioVersion = 10.0.40219.1
Project("{FAE04EC0-301F-11D3-BF4B-00C04F79EFBC}") = "ApiHousesTest", "ApiHousesTest\ApiHousesTest.csproj", "{00908F39-D002-428F-8AB3-5A20FF1AC01D}"
EndProject
Global
	GlobalSection(SolutionConfigurationPlatforms) = preSolution
		Debug|Any CPU = Debug|Any CPU
		Release|Any CPU = Release|Any CPU
	EndGlobalSection
	GlobalSection(ProjectConfigurationPlatforms) = postSolution
		{00908F39-D002-428F-8AB3-5A20FF1AC01D}.Debug|Any CPU.ActiveCfg = Debug|Any CPU
		{00908F39-D002-428F-8AB3-5A20FF1AC01D}.Debug|Any CPU.Build.0 = Debug|Any CPU
		{00908F39-D002-428F-8AB3-5A20FF1AC01D}.Release|Any CPU.ActiveCfg = Release|Any CPU
		{00908F39-D002-428F-8AB3-5A20FF1AC01D}.Release|Any CPU.Build.0 = Release|Any CPU
	EndGlobalSection
	GlobalSection(SolutionProperties) = preSolution
		HideSolutionNode = FALSE
	EndGlobalSection
	GlobalSection(ExtensibilityGlobals) = postSolution
		SolutionGuid = {F3E7632B-3346-4036-B560-2B9404B1A1E4}
	EndGlobalSection
EndGlobal
